
Microsoft Visual Studio Solution File, Format Version 11.00
# Visual Studio 2010
Project("{8BC9CEB8-8B4A-11D0-8D11-00A0C91BC942}") = "系数多项式", "系数多项式.vcxproj", "{F6242249-141F-7C4D-4EEA-68A2AD1CCC2F}"
EndProject
Global
	GlobalSection(SolutionConfigurationPlatforms) = preSolution
		Debug|Win32 = Debug|Win32
		Release|Win32 = Release|Win32
	EndGlobalSection
	GlobalSection(ProjectConfigurationPlatforms) = postSolution
		{F6242249-141F-7C4D-4EEA-68A2AD1CCC2F}.Debug|Win32.ActiveCfg = Debug|Win32
		{F6242249-141F-7C4D-4EEA-68A2AD1CCC2F}.Debug|Win32.Build.0 = Debug|Win32
		{F6242249-141F-7C4D-4EEA-68A2AD1CCC2F}.Release|Win32.ActiveCfg = Release|Win32
		{F6242249-141F-7C4D-4EEA-68A2AD1CCC2F}.Release|Win32.Build.0 = Release|Win32
	EndGlobalSection
	GlobalSection(SolutionProperties) = preSolution
		HideSolutionNode = FALSE
	EndGlobalSection
EndGlobal
