<?xml version="1.0" encoding="utf-8"?>
<Project ToolsVersion="4.0" xmlns="http://schemas.microsoft.com/developer/msbuild/2003">
  <ItemGroup>
    <Filter Include="Source Files">
      <UniqueIdentifier>{7498ed34-0d70-4617-9074-c04e7f75a8e9}</UniqueIdentifier>
      <Extensions>cpp;c;cxx;rc;def;r;odl;idl;hpj;bat</Extensions>
    </Filter>
    <Filter Include="Header Files">
      <UniqueIdentifier>{eddb4477-1c5b-42dc-b262-c0393d1aedd0}</UniqueIdentifier>
      <Extensions>h;hpp;hxx;hm;inl</Extensions>
    </Filter>
    <Filter Include="Resource Files">
      <UniqueIdentifier>{e9f90929-b10c-40cc-b0a0-598593fd7e09}</UniqueIdentifier>
      <Extensions>ico;cur;bmp;dlg;rc2;rct;bin;rgs;gif;jpg;jpeg;jpe</Extensions>
    </Filter>
  </ItemGroup>
  <ItemGroup>
    <ClCompile Include="fun.cpp">
      <Filter>Source Files</Filter>
    </ClCompile>
    <ClCompile Include="linklist.cpp">
      <Filter>Source Files</Filter>
    </ClCompile>
    <ClCompile Include="multiequ.cpp">
      <Filter>Source Files</Filter>
    </ClCompile>
    <ClCompile Include="multiequ_main.cpp">
      <Filter>Source Files</Filter>
    </ClCompile>
  </ItemGroup>
  <ItemGroup>
    <ClInclude Include="multiequ.h">
      <Filter>Header Files</Filter>
    </ClInclude>
  </ItemGroup>
</Project>